{"1.2.0",
[{<<"cowlib">>,{pkg,<<"cowlib">>,<<"2.6.0">>},1},
 {<<"gun">>,{pkg,<<"gun">>,<<"1.3.0">>},0},
 {<<"hut">>,{pkg,<<"hut">>,<<"1.3.0">>},0},
 {<<"jiffy">>,{pkg,<<"jiffy">>,<<"1.0.8">>},0},
 {<<"pooler">>,{pkg,<<"pooler">>,<<"1.5.3">>},0}]}.
[
{pkg_hash,[
 {<<"cowlib">>, <<"8AA629F81A0FC189F261DC98A42243FA842625FEEA3C7EC56C48F4CCDB55490F">>},
 {<<"gun">>, <<"18E5D269649C987AF95AEC309F68A27FFC3930531DD227A6EAA0884D6684286E">>},
 {<<"hut">>, <<"71F2F054E657C03F959CF1ACC43F436EA87580696528CA2A55C8AFB1B06C85E7">>},
 {<<"jiffy">>, <<"60E36F00BE35E5AC6E6CF2D4CAF3BDF3103D4460AFF385F543A8D7DF2D6D9613">>},
 {<<"pooler">>, <<"898CD1FA301FC42D4A8ED598CE139B71CA85B54C16AB161152B5CC5FBDCFA1A8">>}]},
{pkg_hash_ext,[
 {<<"cowlib">>, <<"45A1A08E05E4C66F2AF665295955E337D52C2D33B1F1CF24D353CADEDDF34992">>},
 {<<"gun">>, <<"279D089773BE9886FC2ED0D0C25663CC36B8755356DFD27D63C206AB20B8329A">>},
 {<<"hut">>, <<"7E15D28555D8A1F2B5A3A931EC120AF0753E4853A4C66053DB354F35BF9AB563">>},
 {<<"jiffy">>, <<"F9AE986BA5A0854EB48CF6A76192D9367086DA86C20197DA430630BE7C087A4E">>},
 {<<"pooler">>, <<"058D85C5081289B90E97E4DDDBC3BB5A3B4A19A728AB3BC88C689EFCC36A07C7">>}]}
].
